// !$*UTF8*$!
{
	archiveVersion = 1;
	classes = {
	};
	objectVersion = 46;
	objects = {

/* Begin PBXBuildFile section */
		2214DCC21B661CD2003E3EF1 /* main.m in Sources */ = {isa = PBXBuildFile; fileRef = 2214DCC11B661CD2003E3EF1 /* main.m */; };
		2214DCC51B661CD2003E3EF1 /* TOAppDelegate.m in Sources */ = {isa = PBXBuildFile; fileRef = 2214DCC41B661CD2003E3EF1 /* TOAppDelegate.m */; };
		2214DCC81B661CD2003E3EF1 /* TORootTableViewController.m in Sources */ = {isa = PBXBuildFile; fileRef = 2214DCC71B661CD2003E3EF1 /* TORootTableViewController.m */; };
		2214DCCB1B661CD2003E3EF1 /* Main.storyboard in Resources */ = {isa = PBXBuildFile; fileRef = 2214DCC91B661CD2003E3EF1 /* Main.storyboard */; };
		2214DCCD1B661CD2003E3EF1 /* Images.xcassets in Resources */ = {isa = PBXBuildFile; fileRef = 2214DCCC1B661CD2003E3EF1 /* Images.xcassets */; };
		2214DCD01B661CD2003E3EF1 /* LaunchScreen.xib in Resources */ = {isa = PBXBuildFile; fileRef = 2214DCCE1B661CD2003E3EF1 /* LaunchScreen.xib */; };
		2214DCDC1B661CD2003E3EF1 /* TOSMBClientExampleTests.m in Sources */ = {isa = PBXBuildFile; fileRef = 2214DCDB1B661CD2003E3EF1 /* TOSMBClientExampleTests.m */; };
		2214DCF31B662632003E3EF1 /* libdsm.a in Frameworks */ = {isa = PBXBuildFile; fileRef = 2214DCF21B662632003E3EF1 /* libdsm.a */; };
		2214DCF61B666766003E3EF1 /* TONetBIOSNameService.m in Sources */ = {isa = PBXBuildFile; fileRef = 2214DCF51B666766003E3EF1 /* TONetBIOSNameService.m */; };
		2214DCF91B6678C8003E3EF1 /* TONetBIOSNameServiceEntry.m in Sources */ = {isa = PBXBuildFile; fileRef = 2214DCF81B6678C8003E3EF1 /* TONetBIOSNameServiceEntry.m */; };
		2214DCFC1B66847B003E3EF1 /* TOSMBConstants.m in Sources */ = {isa = PBXBuildFile; fileRef = 2214DCFB1B66847B003E3EF1 /* TOSMBConstants.m */; };
		22236CF91B67C2C700176C34 /* TOSMBSession.m in Sources */ = {isa = PBXBuildFile; fileRef = 22236CF81B67C2C700176C34 /* TOSMBSession.m */; };
		22301F701B6DED2500326F84 /* TOSMBSessionFile.m in Sources */ = {isa = PBXBuildFile; fileRef = 22301F6F1B6DED2500326F84 /* TOSMBSessionFile.m */; };
		22416F681B7125A3007B8A8B /* TOFilesTableViewController.m in Sources */ = {isa = PBXBuildFile; fileRef = 22416F671B7125A3007B8A8B /* TOFilesTableViewController.m */; };
		227D6F241CBD4ACA000E8A78 /* TOSMBConstants.h in Headers */ = {isa = PBXBuildFile; fileRef = 2214DCFA1B66847B003E3EF1 /* TOSMBConstants.h */; settings = {ATTRIBUTES = (Public, ); }; };
		227D6F251CBD4ACA000E8A78 /* TONetBIOSNameService.h in Headers */ = {isa = PBXBuildFile; fileRef = 2214DCF41B666766003E3EF1 /* TONetBIOSNameService.h */; settings = {ATTRIBUTES = (Public, ); }; };
		227D6F261CBD4ACA000E8A78 /* TONetBIOSNameServiceEntry.h in Headers */ = {isa = PBXBuildFile; fileRef = 2214DCF71B6678C7003E3EF1 /* TONetBIOSNameServiceEntry.h */; settings = {ATTRIBUTES = (Public, ); }; };
		227D6F271CBD4ACA000E8A78 /* TOSMBSession.h in Headers */ = {isa = PBXBuildFile; fileRef = 22236CF71B67C2C700176C34 /* TOSMBSession.h */; settings = {ATTRIBUTES = (Public, ); }; };
		227D6F281CBD4ACA000E8A78 /* TOSMBSessionFile.h in Headers */ = {isa = PBXBuildFile; fileRef = 22301F6E1B6DED2500326F84 /* TOSMBSessionFile.h */; settings = {ATTRIBUTES = (Public, ); }; };
		227D6F291CBD4ACA000E8A78 /* TOSMBSessionDownloadTask.h in Headers */ = {isa = PBXBuildFile; fileRef = 22AE8B861B6F66E4008412CF /* TOSMBSessionDownloadTask.h */; settings = {ATTRIBUTES = (Public, ); }; };
		227D6F341CBD4B58000E8A78 /* TOSMBConstants.m in Sources */ = {isa = PBXBuildFile; fileRef = 2214DCFB1B66847B003E3EF1 /* TOSMBConstants.m */; };
		227D6F351CBD4B58000E8A78 /* TONetBIOSNameService.m in Sources */ = {isa = PBXBuildFile; fileRef = 2214DCF51B666766003E3EF1 /* TONetBIOSNameService.m */; };
		227D6F361CBD4B58000E8A78 /* TONetBIOSNameServiceEntry.m in Sources */ = {isa = PBXBuildFile; fileRef = 2214DCF81B6678C8003E3EF1 /* TONetBIOSNameServiceEntry.m */; };
		227D6F371CBD4B58000E8A78 /* TOSMBSession.m in Sources */ = {isa = PBXBuildFile; fileRef = 22236CF81B67C2C700176C34 /* TOSMBSession.m */; };
		227D6F381CBD4B58000E8A78 /* TOSMBSessionFile.m in Sources */ = {isa = PBXBuildFile; fileRef = 22301F6F1B6DED2500326F84 /* TOSMBSessionFile.m */; };
		227D6F391CBD4B58000E8A78 /* TOSMBSessionDownloadTask.m in Sources */ = {isa = PBXBuildFile; fileRef = 22AE8B871B6F66E4008412CF /* TOSMBSessionDownloadTask.m */; };
		227D6F3B1CBD4B67000E8A78 /* libdsm.a in Frameworks */ = {isa = PBXBuildFile; fileRef = 2214DCF21B662632003E3EF1 /* libdsm.a */; };
		227D6F3D1CBD4B7C000E8A78 /* libiconv.tbd in Frameworks */ = {isa = PBXBuildFile; fileRef = 227D6F3C1CBD4B7C000E8A78 /* libiconv.tbd */; };
		227D6F3E1CBD4BE1000E8A78 /* libiconv.tbd in Frameworks */ = {isa = PBXBuildFile; fileRef = 227D6F3C1CBD4B7C000E8A78 /* libiconv.tbd */; };
		227D6F4C1CBD4EF4000E8A78 /* TOSMBClient.h in Headers */ = {isa = PBXBuildFile; fileRef = 22416F691B712BE7007B8A8B /* TOSMBClient.h */; settings = {ATTRIBUTES = (Public, ); }; };
		229EC8691CF3219A0007FE4A /* libtasn1.a in Frameworks */ = {isa = PBXBuildFile; fileRef = 229EC8681CF3219A0007FE4A /* libtasn1.a */; };
		229EC86A1CF3219A0007FE4A /* libtasn1.a in Frameworks */ = {isa = PBXBuildFile; fileRef = 229EC8681CF3219A0007FE4A /* libtasn1.a */; };
		229EC8761CF3240B0007FE4A /* bdsm.h in Headers */ = {isa = PBXBuildFile; fileRef = 229EC86B1CF3240B0007FE4A /* bdsm.h */; };
		229EC8771CF3240B0007FE4A /* libtasn1.h in Headers */ = {isa = PBXBuildFile; fileRef = 229EC86C1CF3240B0007FE4A /* libtasn1.h */; };
		229EC8781CF3240B0007FE4A /* netbios_defs.h in Headers */ = {isa = PBXBuildFile; fileRef = 229EC86D1CF3240B0007FE4A /* netbios_defs.h */; };
		229EC8791CF3240B0007FE4A /* netbios_ns.h in Headers */ = {isa = PBXBuildFile; fileRef = 229EC86E1CF3240B0007FE4A /* netbios_ns.h */; };
		229EC87A1CF3240B0007FE4A /* smb_defs.h in Headers */ = {isa = PBXBuildFile; fileRef = 229EC86F1CF3240B0007FE4A /* smb_defs.h */; };
		229EC87B1CF3240B0007FE4A /* smb_dir.h in Headers */ = {isa = PBXBuildFile; fileRef = 229EC8701CF3240B0007FE4A /* smb_dir.h */; };
		229EC87C1CF3240B0007FE4A /* smb_file.h in Headers */ = {isa = PBXBuildFile; fileRef = 229EC8711CF3240B0007FE4A /* smb_file.h */; };
		229EC87D1CF3240B0007FE4A /* smb_session.h in Headers */ = {isa = PBXBuildFile; fileRef = 229EC8721CF3240B0007FE4A /* smb_session.h */; };
		229EC87E1CF3240B0007FE4A /* smb_share.h in Headers */ = {isa = PBXBuildFile; fileRef = 229EC8731CF3240B0007FE4A /* smb_share.h */; };
		229EC87F1CF3240B0007FE4A /* smb_stat.h in Headers */ = {isa = PBXBuildFile; fileRef = 229EC8741CF3240B0007FE4A /* smb_stat.h */; };
		229EC8801CF3240B0007FE4A /* smb_types.h in Headers */ = {isa = PBXBuildFile; fileRef = 229EC8751CF3240B0007FE4A /* smb_types.h */; };
		22AE8B881B6F66E4008412CF /* TOSMBSessionDownloadTask.m in Sources */ = {isa = PBXBuildFile; fileRef = 22AE8B871B6F66E4008412CF /* TOSMBSessionDownloadTask.m */; };
		22CB5AEB1B78929B006F05F2 /* TORootViewController.m in Sources */ = {isa = PBXBuildFile; fileRef = 22CB5AEA1B78929B006F05F2 /* TORootViewController.m */; };
/* End PBXBuildFile section */

/* Begin PBXContainerItemProxy section */
		2214DCD61B661CD2003E3EF1 /* PBXContainerItemProxy */ = {
			isa = PBXContainerItemProxy;
			containerPortal = 2214DCB41B661CD2003E3EF1 /* Project object */;
			proxyType = 1;
			remoteGlobalIDString = 2214DCBB1B661CD2003E3EF1;
			remoteInfo = TOSMBClientExample;
		};
/* End PBXContainerItemProxy section */

/* Begin PBXFileReference section */
		2214DCBC1B661CD2003E3EF1 /* TOSMBClientExample.app */ = {isa = PBXFileReference; explicitFileType = wrapper.application; includeInIndex = 0; path = TOSMBClientExample.app; sourceTree = BUILT_PRODUCTS_DIR; };
		2214DCC01B661CD2003E3EF1 /* Info.plist */ = {isa = PBXFileReference; lastKnownFileType = text.plist.xml; path = Info.plist; sourceTree = "<group>"; };
		2214DCC11B661CD2003E3EF1 /* main.m */ = {isa = PBXFileReference; lastKnownFileType = sourcecode.c.objc; path = main.m; sourceTree = "<group>"; };
		2214DCC31B661CD2003E3EF1 /* TOAppDelegate.h */ = {isa = PBXFileReference; lastKnownFileType = sourcecode.c.h; path = TOAppDelegate.h; sourceTree = "<group>"; };
		2214DCC41B661CD2003E3EF1 /* TOAppDelegate.m */ = {isa = PBXFileReference; lastKnownFileType = sourcecode.c.objc; path = TOAppDelegate.m; sourceTree = "<group>"; };
		2214DCC61B661CD2003E3EF1 /* TORootTableViewController.h */ = {isa = PBXFileReference; lastKnownFileType = sourcecode.c.h; path = TORootTableViewController.h; sourceTree = "<group>"; };
		2214DCC71B661CD2003E3EF1 /* TORootTableViewController.m */ = {isa = PBXFileReference; lastKnownFileType = sourcecode.c.objc; path = TORootTableViewController.m; sourceTree = "<group>"; };
		2214DCCA1B661CD2003E3EF1 /* Base */ = {isa = PBXFileReference; lastKnownFileType = file.storyboard; name = Base; path = Base.lproj/Main.storyboard; sourceTree = "<group>"; };
		2214DCCC1B661CD2003E3EF1 /* Images.xcassets */ = {isa = PBXFileReference; lastKnownFileType = folder.assetcatalog; path = Images.xcassets; sourceTree = "<group>"; };
		2214DCCF1B661CD2003E3EF1 /* Base */ = {isa = PBXFileReference; lastKnownFileType = file.xib; name = Base; path = Base.lproj/LaunchScreen.xib; sourceTree = "<group>"; };
		2214DCD51B661CD2003E3EF1 /* TOSMBClientExampleTests.xctest */ = {isa = PBXFileReference; explicitFileType = wrapper.cfbundle; includeInIndex = 0; path = TOSMBClientExampleTests.xctest; sourceTree = BUILT_PRODUCTS_DIR; };
		2214DCDA1B661CD2003E3EF1 /* Info.plist */ = {isa = PBXFileReference; lastKnownFileType = text.plist.xml; path = Info.plist; sourceTree = "<group>"; };
		2214DCDB1B661CD2003E3EF1 /* TOSMBClientExampleTests.m */ = {isa = PBXFileReference; lastKnownFileType = sourcecode.c.objc; path = TOSMBClientExampleTests.m; sourceTree = "<group>"; };
		2214DCF21B662632003E3EF1 /* libdsm.a */ = {isa = PBXFileReference; lastKnownFileType = archive.ar; path = libdsm.a; sourceTree = "<group>"; };
		2214DCF41B666766003E3EF1 /* TONetBIOSNameService.h */ = {isa = PBXFileReference; fileEncoding = 4; lastKnownFileType = sourcecode.c.h; path = TONetBIOSNameService.h; sourceTree = "<group>"; };
		2214DCF51B666766003E3EF1 /* TONetBIOSNameService.m */ = {isa = PBXFileReference; fileEncoding = 4; lastKnownFileType = sourcecode.c.objc; path = TONetBIOSNameService.m; sourceTree = "<group>"; };
		2214DCF71B6678C7003E3EF1 /* TONetBIOSNameServiceEntry.h */ = {isa = PBXFileReference; fileEncoding = 4; lastKnownFileType = sourcecode.c.h; path = TONetBIOSNameServiceEntry.h; sourceTree = "<group>"; };
		2214DCF81B6678C8003E3EF1 /* TONetBIOSNameServiceEntry.m */ = {isa = PBXFileReference; fileEncoding = 4; lastKnownFileType = sourcecode.c.objc; path = TONetBIOSNameServiceEntry.m; sourceTree = "<group>"; };
		2214DCFA1B66847B003E3EF1 /* TOSMBConstants.h */ = {isa = PBXFileReference; fileEncoding = 4; lastKnownFileType = sourcecode.c.h; path = TOSMBConstants.h; sourceTree = "<group>"; };
		2214DCFB1B66847B003E3EF1 /* TOSMBConstants.m */ = {isa = PBXFileReference; fileEncoding = 4; lastKnownFileType = sourcecode.c.objc; path = TOSMBConstants.m; sourceTree = "<group>"; };
		22236CF71B67C2C700176C34 /* TOSMBSession.h */ = {isa = PBXFileReference; fileEncoding = 4; lastKnownFileType = sourcecode.c.h; path = TOSMBSession.h; sourceTree = "<group>"; };
		22236CF81B67C2C700176C34 /* TOSMBSession.m */ = {isa = PBXFileReference; fileEncoding = 4; lastKnownFileType = sourcecode.c.objc; path = TOSMBSession.m; sourceTree = "<group>"; };
		22301F6E1B6DED2500326F84 /* TOSMBSessionFile.h */ = {isa = PBXFileReference; fileEncoding = 4; lastKnownFileType = sourcecode.c.h; path = TOSMBSessionFile.h; sourceTree = "<group>"; };
		22301F6F1B6DED2500326F84 /* TOSMBSessionFile.m */ = {isa = PBXFileReference; fileEncoding = 4; lastKnownFileType = sourcecode.c.objc; path = TOSMBSessionFile.m; sourceTree = "<group>"; };
		22416F661B7125A3007B8A8B /* TOFilesTableViewController.h */ = {isa = PBXFileReference; fileEncoding = 4; lastKnownFileType = sourcecode.c.h; path = TOFilesTableViewController.h; sourceTree = "<group>"; };
		22416F671B7125A3007B8A8B /* TOFilesTableViewController.m */ = {isa = PBXFileReference; fileEncoding = 4; lastKnownFileType = sourcecode.c.objc; path = TOFilesTableViewController.m; sourceTree = "<group>"; };
		22416F691B712BE7007B8A8B /* TOSMBClient.h */ = {isa = PBXFileReference; lastKnownFileType = sourcecode.c.h; path = TOSMBClient.h; sourceTree = "<group>"; };
		227D6F1C1CBD49FE000E8A78 /* TOSMBClient.framework */ = {isa = PBXFileReference; explicitFileType = wrapper.framework; includeInIndex = 0; path = TOSMBClient.framework; sourceTree = BUILT_PRODUCTS_DIR; };
		227D6F201CBD49FE000E8A78 /* Info.plist */ = {isa = PBXFileReference; lastKnownFileType = text.plist.xml; path = Info.plist; sourceTree = "<group>"; };
		227D6F3C1CBD4B7C000E8A78 /* libiconv.tbd */ = {isa = PBXFileReference; lastKnownFileType = "sourcecode.text-based-dylib-definition"; name = libiconv.tbd; path = usr/lib/libiconv.tbd; sourceTree = SDKROOT; };
		229EC8681CF3219A0007FE4A /* libtasn1.a */ = {isa = PBXFileReference; lastKnownFileType = archive.ar; path = libtasn1.a; sourceTree = "<group>"; };
		229EC86B1CF3240B0007FE4A /* bdsm.h */ = {isa = PBXFileReference; fileEncoding = 4; lastKnownFileType = sourcecode.c.h; path = bdsm.h; sourceTree = "<group>"; };
		229EC86C1CF3240B0007FE4A /* libtasn1.h */ = {isa = PBXFileReference; fileEncoding = 4; lastKnownFileType = sourcecode.c.h; path = libtasn1.h; sourceTree = "<group>"; };
		229EC86D1CF3240B0007FE4A /* netbios_defs.h */ = {isa = PBXFileReference; fileEncoding = 4; lastKnownFileType = sourcecode.c.h; path = netbios_defs.h; sourceTree = "<group>"; };
		229EC86E1CF3240B0007FE4A /* netbios_ns.h */ = {isa = PBXFileReference; fileEncoding = 4; lastKnownFileType = sourcecode.c.h; path = netbios_ns.h; sourceTree = "<group>"; };
		229EC86F1CF3240B0007FE4A /* smb_defs.h */ = {isa = PBXFileReference; fileEncoding = 4; lastKnownFileType = sourcecode.c.h; path = smb_defs.h; sourceTree = "<group>"; };
		229EC8701CF3240B0007FE4A /* smb_dir.h */ = {isa = PBXFileReference; fileEncoding = 4; lastKnownFileType = sourcecode.c.h; path = smb_dir.h; sourceTree = "<group>"; };
		229EC8711CF3240B0007FE4A /* smb_file.h */ = {isa = PBXFileReference; fileEncoding = 4; lastKnownFileType = sourcecode.c.h; path = smb_file.h; sourceTree = "<group>"; };
		229EC8721CF3240B0007FE4A /* smb_session.h */ = {isa = PBXFileReference; fileEncoding = 4; lastKnownFileType = sourcecode.c.h; path = smb_session.h; sourceTree = "<group>"; };
		229EC8731CF3240B0007FE4A /* smb_share.h */ = {isa = PBXFileReference; fileEncoding = 4; lastKnownFileType = sourcecode.c.h; path = smb_share.h; sourceTree = "<group>"; };
		229EC8741CF3240B0007FE4A /* smb_stat.h */ = {isa = PBXFileReference; fileEncoding = 4; lastKnownFileType = sourcecode.c.h; path = smb_stat.h; sourceTree = "<group>"; };
		229EC8751CF3240B0007FE4A /* smb_types.h */ = {isa = PBXFileReference; fileEncoding = 4; lastKnownFileType = sourcecode.c.h; path = smb_types.h; sourceTree = "<group>"; };
		22AE8B861B6F66E4008412CF /* TOSMBSessionDownloadTask.h */ = {isa = PBXFileReference; fileEncoding = 4; lastKnownFileType = sourcecode.c.h; path = TOSMBSessionDownloadTask.h; sourceTree = "<group>"; };
		22AE8B871B6F66E4008412CF /* TOSMBSessionDownloadTask.m */ = {isa = PBXFileReference; fileEncoding = 4; lastKnownFileType = sourcecode.c.objc; path = TOSMBSessionDownloadTask.m; sourceTree = "<group>"; };
		22CB5AE91B78929B006F05F2 /* TORootViewController.h */ = {isa = PBXFileReference; fileEncoding = 4; lastKnownFileType = sourcecode.c.h; path = TORootViewController.h; sourceTree = "<group>"; };
		22CB5AEA1B78929B006F05F2 /* TORootViewController.m */ = {isa = PBXFileReference; fileEncoding = 4; lastKnownFileType = sourcecode.c.objc; path = TORootViewController.m; sourceTree = "<group>"; };
/* End PBXFileReference section */

/* Begin PBXFrameworksBuildPhase section */
		2214DCB91B661CD2003E3EF1 /* Frameworks */ = {
			isa = PBXFrameworksBuildPhase;
			buildActionMask = 2147483647;
			files = (
				2214DCF31B662632003E3EF1 /* libdsm.a in Frameworks */,
				229EC8691CF3219A0007FE4A /* libtasn1.a in Frameworks */,
				227D6F3E1CBD4BE1000E8A78 /* libiconv.tbd in Frameworks */,
			);
			runOnlyForDeploymentPostprocessing = 0;
		};
		2214DCD21B661CD2003E3EF1 /* Frameworks */ = {
			isa = PBXFrameworksBuildPhase;
			buildActionMask = 2147483647;
			files = (
			);
			runOnlyForDeploymentPostprocessing = 0;
		};
		227D6F181CBD49FE000E8A78 /* Frameworks */ = {
			isa = PBXFrameworksBuildPhase;
			buildActionMask = 2147483647;
			files = (
				227D6F3D1CBD4B7C000E8A78 /* libiconv.tbd in Frameworks */,
				229EC86A1CF3219A0007FE4A /* libtasn1.a in Frameworks */,
				227D6F3B1CBD4B67000E8A78 /* libdsm.a in Frameworks */,
			);
			runOnlyForDeploymentPostprocessing = 0;
		};
/* End PBXFrameworksBuildPhase section */

/* Begin PBXGroup section */
		2214DCB31B661CD2003E3EF1 = {
			isa = PBXGroup;
			children = (
				2214DCE51B662632003E3EF1 /* TOSMBClient */,
				2214DCBE1B661CD2003E3EF1 /* TOSMBClientExample */,
				2214DCD81B661CD2003E3EF1 /* TOSMBClientExampleTests */,
				227D6F1D1CBD49FE000E8A78 /* TOSMBClientFramework */,
				2214DCBD1B661CD2003E3EF1 /* Products */,
			);
			sourceTree = "<group>";
		};
		2214DCBD1B661CD2003E3EF1 /* Products */ = {
			isa = PBXGroup;
			children = (
				2214DCBC1B661CD2003E3EF1 /* TOSMBClientExample.app */,
				2214DCD51B661CD2003E3EF1 /* TOSMBClientExampleTests.xctest */,
				227D6F1C1CBD49FE000E8A78 /* TOSMBClient.framework */,
			);
			name = Products;
			sourceTree = "<group>";
		};
		2214DCBE1B661CD2003E3EF1 /* TOSMBClientExample */ = {
			isa = PBXGroup;
			children = (
				2214DCC31B661CD2003E3EF1 /* TOAppDelegate.h */,
				2214DCC41B661CD2003E3EF1 /* TOAppDelegate.m */,
				22CB5AE91B78929B006F05F2 /* TORootViewController.h */,
				22CB5AEA1B78929B006F05F2 /* TORootViewController.m */,
				2214DCC61B661CD2003E3EF1 /* TORootTableViewController.h */,
				2214DCC71B661CD2003E3EF1 /* TORootTableViewController.m */,
				22416F661B7125A3007B8A8B /* TOFilesTableViewController.h */,
				22416F671B7125A3007B8A8B /* TOFilesTableViewController.m */,
				2214DCC91B661CD2003E3EF1 /* Main.storyboard */,
				2214DCCC1B661CD2003E3EF1 /* Images.xcassets */,
				2214DCCE1B661CD2003E3EF1 /* LaunchScreen.xib */,
				2214DCBF1B661CD2003E3EF1 /* Supporting Files */,
			);
			path = TOSMBClientExample;
			sourceTree = "<group>";
		};
		2214DCBF1B661CD2003E3EF1 /* Supporting Files */ = {
			isa = PBXGroup;
			children = (
				2214DCC01B661CD2003E3EF1 /* Info.plist */,
				2214DCC11B661CD2003E3EF1 /* main.m */,
			);
			name = "Supporting Files";
			sourceTree = "<group>";
		};
		2214DCD81B661CD2003E3EF1 /* TOSMBClientExampleTests */ = {
			isa = PBXGroup;
			children = (
				2214DCDB1B661CD2003E3EF1 /* TOSMBClientExampleTests.m */,
				2214DCD91B661CD2003E3EF1 /* Supporting Files */,
			);
			path = TOSMBClientExampleTests;
			sourceTree = "<group>";
		};
		2214DCD91B661CD2003E3EF1 /* Supporting Files */ = {
			isa = PBXGroup;
			children = (
				2214DCDA1B661CD2003E3EF1 /* Info.plist */,
			);
			name = "Supporting Files";
			sourceTree = "<group>";
		};
		2214DCE51B662632003E3EF1 /* TOSMBClient */ = {
			isa = PBXGroup;
			children = (
				2214DCE61B662632003E3EF1 /* libdsm */,
				22416F691B712BE7007B8A8B /* TOSMBClient.h */,
				2214DCFA1B66847B003E3EF1 /* TOSMBConstants.h */,
				2214DCFB1B66847B003E3EF1 /* TOSMBConstants.m */,
				2214DCF41B666766003E3EF1 /* TONetBIOSNameService.h */,
				2214DCF51B666766003E3EF1 /* TONetBIOSNameService.m */,
				2214DCF71B6678C7003E3EF1 /* TONetBIOSNameServiceEntry.h */,
				2214DCF81B6678C8003E3EF1 /* TONetBIOSNameServiceEntry.m */,
				22236CF71B67C2C700176C34 /* TOSMBSession.h */,
				22236CF81B67C2C700176C34 /* TOSMBSession.m */,
				22301F6E1B6DED2500326F84 /* TOSMBSessionFile.h */,
				22301F6F1B6DED2500326F84 /* TOSMBSessionFile.m */,
				22AE8B861B6F66E4008412CF /* TOSMBSessionDownloadTask.h */,
				22AE8B871B6F66E4008412CF /* TOSMBSessionDownloadTask.m */,
			);
			path = TOSMBClient;
			sourceTree = "<group>";
		};
		2214DCE61B662632003E3EF1 /* libdsm */ = {
			isa = PBXGroup;
			children = (
				2214DCE71B662632003E3EF1 /* bdsm */,
				227D6F3C1CBD4B7C000E8A78 /* libiconv.tbd */,
				229EC8681CF3219A0007FE4A /* libtasn1.a */,
				2214DCF21B662632003E3EF1 /* libdsm.a */,
			);
			path = libdsm;
			sourceTree = "<group>";
		};
		2214DCE71B662632003E3EF1 /* bdsm */ = {
			isa = PBXGroup;
			children = (
				229EC86B1CF3240B0007FE4A /* bdsm.h */,
				229EC86C1CF3240B0007FE4A /* libtasn1.h */,
				229EC86D1CF3240B0007FE4A /* netbios_defs.h */,
				229EC86E1CF3240B0007FE4A /* netbios_ns.h */,
				229EC86F1CF3240B0007FE4A /* smb_defs.h */,
				229EC8701CF3240B0007FE4A /* smb_dir.h */,
				229EC8711CF3240B0007FE4A /* smb_file.h */,
				229EC8721CF3240B0007FE4A /* smb_session.h */,
				229EC8731CF3240B0007FE4A /* smb_share.h */,
				229EC8741CF3240B0007FE4A /* smb_stat.h */,
				229EC8751CF3240B0007FE4A /* smb_types.h */,
			);
			path = bdsm;
			sourceTree = "<group>";
		};
		227D6F1D1CBD49FE000E8A78 /* TOSMBClientFramework */ = {
			isa = PBXGroup;
			children = (
				227D6F201CBD49FE000E8A78 /* Info.plist */,
			);
			name = TOSMBClientFramework;
			path = TOSMBClient;
			sourceTree = "<group>";
		};
/* End PBXGroup section */

/* Begin PBXHeadersBuildPhase section */
		227D6F191CBD49FE000E8A78 /* Headers */ = {
			isa = PBXHeadersBuildPhase;
			buildActionMask = 2147483647;
			files = (
				229EC87D1CF3240B0007FE4A /* smb_session.h in Headers */,
				227D6F4C1CBD4EF4000E8A78 /* TOSMBClient.h in Headers */,
				229EC8781CF3240B0007FE4A /* netbios_defs.h in Headers */,
				227D6F241CBD4ACA000E8A78 /* TOSMBConstants.h in Headers */,
				229EC87A1CF3240B0007FE4A /* smb_defs.h in Headers */,
				229EC8801CF3240B0007FE4A /* smb_types.h in Headers */,
				229EC87E1CF3240B0007FE4A /* smb_share.h in Headers */,
				229EC8761CF3240B0007FE4A /* bdsm.h in Headers */,
				229EC8771CF3240B0007FE4A /* libtasn1.h in Headers */,
				227D6F251CBD4ACA000E8A78 /* TONetBIOSNameService.h in Headers */,
				227D6F261CBD4ACA000E8A78 /* TONetBIOSNameServiceEntry.h in Headers */,
				229EC87F1CF3240B0007FE4A /* smb_stat.h in Headers */,
				227D6F271CBD4ACA000E8A78 /* TOSMBSession.h in Headers */,
				229EC8791CF3240B0007FE4A /* netbios_ns.h in Headers */,
				229EC87B1CF3240B0007FE4A /* smb_dir.h in Headers */,
				227D6F281CBD4ACA000E8A78 /* TOSMBSessionFile.h in Headers */,
				227D6F291CBD4ACA000E8A78 /* TOSMBSessionDownloadTask.h in Headers */,
				229EC87C1CF3240B0007FE4A /* smb_file.h in Headers */,
			);
			runOnlyForDeploymentPostprocessing = 0;
		};
/* End PBXHeadersBuildPhase section */

/* Begin PBXNativeTarget section */
		2214DCBB1B661CD2003E3EF1 /* TOSMBClientExample */ = {
			isa = PBXNativeTarget;
			buildConfigurationList = 2214DCDF1B661CD2003E3EF1 /* Build configuration list for PBXNativeTarget "TOSMBClientExample" */;
			buildPhases = (
				2214DCB81B661CD2003E3EF1 /* Sources */,
				2214DCB91B661CD2003E3EF1 /* Frameworks */,
				2214DCBA1B661CD2003E3EF1 /* Resources */,
			);
			buildRules = (
			);
			dependencies = (
			);
			name = TOSMBClientExample;
			productName = TOSMBClientExample;
			productReference = 2214DCBC1B661CD2003E3EF1 /* TOSMBClientExample.app */;
			productType = "com.apple.product-type.application";
		};
		2214DCD41B661CD2003E3EF1 /* TOSMBClientExampleTests */ = {
			isa = PBXNativeTarget;
			buildConfigurationList = 2214DCE21B661CD2003E3EF1 /* Build configuration list for PBXNativeTarget "TOSMBClientExampleTests" */;
			buildPhases = (
				2214DCD11B661CD2003E3EF1 /* Sources */,
				2214DCD21B661CD2003E3EF1 /* Frameworks */,
				2214DCD31B661CD2003E3EF1 /* Resources */,
			);
			buildRules = (
			);
			dependencies = (
				2214DCD71B661CD2003E3EF1 /* PBXTargetDependency */,
			);
			name = TOSMBClientExampleTests;
			productName = TOSMBClientExampleTests;
			productReference = 2214DCD51B661CD2003E3EF1 /* TOSMBClientExampleTests.xctest */;
			productType = "com.apple.product-type.bundle.unit-test";
		};
		227D6F1B1CBD49FE000E8A78 /* TOSMBClient */ = {
			isa = PBXNativeTarget;
			buildConfigurationList = 227D6F231CBD49FE000E8A78 /* Build configuration list for PBXNativeTarget "TOSMBClient" */;
			buildPhases = (
				227D6F171CBD49FE000E8A78 /* Sources */,
				227D6F181CBD49FE000E8A78 /* Frameworks */,
				227D6F191CBD49FE000E8A78 /* Headers */,
				227D6F1A1CBD49FE000E8A78 /* Resources */,
			);
			buildRules = (
			);
			dependencies = (
			);
			name = TOSMBClient;
			productName = TOSMBClient;
			productReference = 227D6F1C1CBD49FE000E8A78 /* TOSMBClient.framework */;
			productType = "com.apple.product-type.framework";
		};
/* End PBXNativeTarget section */

/* Begin PBXProject section */
		2214DCB41B661CD2003E3EF1 /* Project object */ = {
			isa = PBXProject;
			attributes = {
				LastUpgradeCheck = 0720;
				ORGANIZATIONNAME = TimOliver;
				TargetAttributes = {
					2214DCBB1B661CD2003E3EF1 = {
						CreatedOnToolsVersion = 6.4;
					};
					2214DCD41B661CD2003E3EF1 = {
						CreatedOnToolsVersion = 6.4;
						TestTargetID = 2214DCBB1B661CD2003E3EF1;
					};
					227D6F1B1CBD49FE000E8A78 = {
						CreatedOnToolsVersion = 7.3;
					};
				};
			};
			buildConfigurationList = 2214DCB71B661CD2003E3EF1 /* Build configuration list for PBXProject "TOSMBClientExample" */;
			compatibilityVersion = "Xcode 3.2";
			developmentRegion = English;
			hasScannedForEncodings = 0;
			knownRegions = (
				en,
				Base,
			);
			mainGroup = 2214DCB31B661CD2003E3EF1;
			productRefGroup = 2214DCBD1B661CD2003E3EF1 /* Products */;
			projectDirPath = "";
			projectRoot = "";
			targets = (
				2214DCBB1B661CD2003E3EF1 /* TOSMBClientExample */,
				2214DCD41B661CD2003E3EF1 /* TOSMBClientExampleTests */,
				227D6F1B1CBD49FE000E8A78 /* TOSMBClient */,
			);
		};
/* End PBXProject section */

/* Begin PBXResourcesBuildPhase section */
		2214DCBA1B661CD2003E3EF1 /* Resources */ = {
			isa = PBXResourcesBuildPhase;
			buildActionMask = 2147483647;
			files = (
				2214DCCB1B661CD2003E3EF1 /* Main.storyboard in Resources */,
				2214DCD01B661CD2003E3EF1 /* LaunchScreen.xib in Resources */,
				2214DCCD1B661CD2003E3EF1 /* Images.xcassets in Resources */,
			);
			runOnlyForDeploymentPostprocessing = 0;
		};
		2214DCD31B661CD2003E3EF1 /* Resources */ = {
			isa = PBXResourcesBuildPhase;
			buildActionMask = 2147483647;
			files = (
			);
			runOnlyForDeploymentPostprocessing = 0;
		};
		227D6F1A1CBD49FE000E8A78 /* Resources */ = {
			isa = PBXResourcesBuildPhase;
			buildActionMask = 2147483647;
			files = (
			);
			runOnlyForDeploymentPostprocessing = 0;
		};
/* End PBXResourcesBuildPhase section */

/* Begin PBXSourcesBuildPhase section */
		2214DCB81B661CD2003E3EF1 /* Sources */ = {
			isa = PBXSourcesBuildPhase;
			buildActionMask = 2147483647;
			files = (
				22416F681B7125A3007B8A8B /* TOFilesTableViewController.m in Sources */,
				2214DCC81B661CD2003E3EF1 /* TORootTableViewController.m in Sources */,
				2214DCF61B666766003E3EF1 /* TONetBIOSNameService.m in Sources */,
				2214DCC51B661CD2003E3EF1 /* TOAppDelegate.m in Sources */,
				22301F701B6DED2500326F84 /* TOSMBSessionFile.m in Sources */,
				22AE8B881B6F66E4008412CF /* TOSMBSessionDownloadTask.m in Sources */,
				22236CF91B67C2C700176C34 /* TOSMBSession.m in Sources */,
				2214DCC21B661CD2003E3EF1 /* main.m in Sources */,
				2214DCF91B6678C8003E3EF1 /* TONetBIOSNameServiceEntry.m in Sources */,
				22CB5AEB1B78929B006F05F2 /* TORootViewController.m in Sources */,
				2214DCFC1B66847B003E3EF1 /* TOSMBConstants.m in Sources */,
			);
			runOnlyForDeploymentPostprocessing = 0;
		};
		2214DCD11B661CD2003E3EF1 /* Sources */ = {
			isa = PBXSourcesBuildPhase;
			buildActionMask = 2147483647;
			files = (
				2214DCDC1B661CD2003E3EF1 /* TOSMBClientExampleTests.m in Sources */,
			);
			runOnlyForDeploymentPostprocessing = 0;
		};
		227D6F171CBD49FE000E8A78 /* Sources */ = {
			isa = PBXSourcesBuildPhase;
			buildActionMask = 2147483647;
			files = (
				227D6F341CBD4B58000E8A78 /* TOSMBConstants.m in Sources */,
				227D6F351CBD4B58000E8A78 /* TONetBIOSNameService.m in Sources */,
				227D6F361CBD4B58000E8A78 /* TONetBIOSNameServiceEntry.m in Sources */,
				227D6F371CBD4B58000E8A78 /* TOSMBSession.m in Sources */,
				227D6F381CBD4B58000E8A78 /* TOSMBSessionFile.m in Sources */,
				227D6F391CBD4B58000E8A78 /* TOSMBSessionDownloadTask.m in Sources */,
			);
			runOnlyForDeploymentPostprocessing = 0;
		};
/* End PBXSourcesBuildPhase section */

/* Begin PBXTargetDependency section */
		2214DCD71B661CD2003E3EF1 /* PBXTargetDependency */ = {
			isa = PBXTargetDependency;
			target = 2214DCBB1B661CD2003E3EF1 /* TOSMBClientExample */;
			targetProxy = 2214DCD61B661CD2003E3EF1 /* PBXContainerItemProxy */;
		};
/* End PBXTargetDependency section */

/* Begin PBXVariantGroup section */
		2214DCC91B661CD2003E3EF1 /* Main.storyboard */ = {
			isa = PBXVariantGroup;
			children = (
				2214DCCA1B661CD2003E3EF1 /* Base */,
			);
			name = Main.storyboard;
			sourceTree = "<group>";
		};
		2214DCCE1B661CD2003E3EF1 /* LaunchScreen.xib */ = {
			isa = PBXVariantGroup;
			children = (
				2214DCCF1B661CD2003E3EF1 /* Base */,
			);
			name = LaunchScreen.xib;
			sourceTree = "<group>";
		};
/* End PBXVariantGroup section */

/* Begin XCBuildConfiguration section */
		2214DCDD1B661CD2003E3EF1 /* Debug */ = {
			isa = XCBuildConfiguration;
			buildSettings = {
				ALWAYS_SEARCH_USER_PATHS = NO;
				CLANG_CXX_LANGUAGE_STANDARD = "gnu++0x";
				CLANG_CXX_LIBRARY = "libc++";
				CLANG_ENABLE_MODULES = YES;
				CLANG_ENABLE_OBJC_ARC = YES;
				CLANG_WARN_BOOL_CONVERSION = YES;
				CLANG_WARN_CONSTANT_CONVERSION = YES;
				CLANG_WARN_DIRECT_OBJC_ISA_USAGE = YES_ERROR;
				CLANG_WARN_EMPTY_BODY = YES;
				CLANG_WARN_ENUM_CONVERSION = YES;
				CLANG_WARN_INT_CONVERSION = YES;
				CLANG_WARN_OBJC_ROOT_CLASS = YES_ERROR;
				CLANG_WARN_UNREACHABLE_CODE = YES;
				CLANG_WARN__DUPLICATE_METHOD_MATCH = YES;
				"CODE_SIGN_IDENTITY[sdk=iphoneos*]" = "iPhone Developer";
				COPY_PHASE_STRIP = NO;
				DEBUG_INFORMATION_FORMAT = "dwarf-with-dsym";
				ENABLE_BITCODE = NO;
				ENABLE_STRICT_OBJC_MSGSEND = YES;
				ENABLE_TESTABILITY = YES;
				GCC_C_LANGUAGE_STANDARD = gnu99;
				GCC_DYNAMIC_NO_PIC = NO;
				GCC_NO_COMMON_BLOCKS = YES;
				GCC_OPTIMIZATION_LEVEL = 0;
				GCC_PREPROCESSOR_DEFINITIONS = (
					"DEBUG=1",
					"$(inherited)",
				);
				GCC_SYMBOLS_PRIVATE_EXTERN = NO;
				GCC_WARN_64_TO_32_BIT_CONVERSION = YES;
				GCC_WARN_ABOUT_RETURN_TYPE = YES_ERROR;
				GCC_WARN_UNDECLARED_SELECTOR = YES;
				GCC_WARN_UNINITIALIZED_AUTOS = YES_AGGRESSIVE;
				GCC_WARN_UNUSED_FUNCTION = YES;
				GCC_WARN_UNUSED_VARIABLE = YES;
				IPHONEOS_DEPLOYMENT_TARGET = 8.4;
				MTL_ENABLE_DEBUG_INFO = YES;
				ONLY_ACTIVE_ARCH = YES;
				SDKROOT = iphoneos;
				TARGETED_DEVICE_FAMILY = "1,2";
			};
			name = Debug;
		};
		2214DCDE1B661CD2003E3EF1 /* Release */ = {
			isa = XCBuildConfiguration;
			buildSettings = {
				ALWAYS_SEARCH_USER_PATHS = NO;
				CLANG_CXX_LANGUAGE_STANDARD = "gnu++0x";
				CLANG_CXX_LIBRARY = "libc++";
				CLANG_ENABLE_MODULES = YES;
				CLANG_ENABLE_OBJC_ARC = YES;
				CLANG_WARN_BOOL_CONVERSION = YES;
				CLANG_WARN_CONSTANT_CONVERSION = YES;
				CLANG_WARN_DIRECT_OBJC_ISA_USAGE = YES_ERROR;
				CLANG_WARN_EMPTY_BODY = YES;
				CLANG_WARN_ENUM_CONVERSION = YES;
				CLANG_WARN_INT_CONVERSION = YES;
				CLANG_WARN_OBJC_ROOT_CLASS = YES_ERROR;
				CLANG_WARN_UNREACHABLE_CODE = YES;
				CLANG_WARN__DUPLICATE_METHOD_MATCH = YES;
				"CODE_SIGN_IDENTITY[sdk=iphoneos*]" = "iPhone Developer";
				COPY_PHASE_STRIP = NO;
				DEBUG_INFORMATION_FORMAT = "dwarf-with-dsym";
				ENABLE_BITCODE = NO;
				ENABLE_NS_ASSERTIONS = NO;
				ENABLE_STRICT_OBJC_MSGSEND = YES;
				GCC_C_LANGUAGE_STANDARD = gnu99;
				GCC_NO_COMMON_BLOCKS = YES;
				GCC_WARN_64_TO_32_BIT_CONVERSION = YES;
				GCC_WARN_ABOUT_RETURN_TYPE = YES_ERROR;
				GCC_WARN_UNDECLARED_SELECTOR = YES;
				GCC_WARN_UNINITIALIZED_AUTOS = YES_AGGRESSIVE;
				GCC_WARN_UNUSED_FUNCTION = YES;
				GCC_WARN_UNUSED_VARIABLE = YES;
				IPHONEOS_DEPLOYMENT_TARGET = 8.4;
				MTL_ENABLE_DEBUG_INFO = NO;
				SDKROOT = iphoneos;
				TARGETED_DEVICE_FAMILY = "1,2";
				VALIDATE_PRODUCT = YES;
			};
			name = Release;
		};
		2214DCE01B661CD2003E3EF1 /* Debug */ = {
			isa = XCBuildConfiguration;
			buildSettings = {
				ASSETCATALOG_COMPILER_APPICON_NAME = AppIcon;
				INFOPLIST_FILE = TOSMBClientExample/Info.plist;
				IPHONEOS_DEPLOYMENT_TARGET = 7.0;
				LD_RUNPATH_SEARCH_PATHS = "$(inherited) @executable_path/Frameworks";
				LIBRARY_SEARCH_PATHS = (
					"$(inherited)",
					"$(PROJECT_DIR)/TOSMBClient/libdsm",
				);
				PRODUCT_BUNDLE_IDENTIFIER = "co.timoliver.$(PRODUCT_NAME:rfc1034identifier)";
				PRODUCT_NAME = "$(TARGET_NAME)";
			};
			name = Debug;
		};
		2214DCE11B661CD2003E3EF1 /* Release */ = {
			isa = XCBuildConfiguration;
			buildSettings = {
				ASSETCATALOG_COMPILER_APPICON_NAME = AppIcon;
				INFOPLIST_FILE = TOSMBClientExample/Info.plist;
				IPHONEOS_DEPLOYMENT_TARGET = 7.0;
				LD_RUNPATH_SEARCH_PATHS = "$(inherited) @executable_path/Frameworks";
				LIBRARY_SEARCH_PATHS = (
					"$(inherited)",
					"$(PROJECT_DIR)/TOSMBClient/libdsm",
				);
				PRODUCT_BUNDLE_IDENTIFIER = "co.timoliver.$(PRODUCT_NAME:rfc1034identifier)";
				PRODUCT_NAME = "$(TARGET_NAME)";
			};
			name = Release;
		};
		2214DCE31B661CD2003E3EF1 /* Debug */ = {
			isa = XCBuildConfiguration;
			buildSettings = {
				BUNDLE_LOADER = "$(TEST_HOST)";
				FRAMEWORK_SEARCH_PATHS = (
					"$(SDKROOT)/Developer/Library/Frameworks",
					"$(inherited)",
				);
				GCC_PREPROCESSOR_DEFINITIONS = (
					"DEBUG=1",
					"$(inherited)",
				);
				INFOPLIST_FILE = TOSMBClientExampleTests/Info.plist;
				LD_RUNPATH_SEARCH_PATHS = "$(inherited) @executable_path/Frameworks @loader_path/Frameworks";
				PRODUCT_BUNDLE_IDENTIFIER = "co.timoliver.$(PRODUCT_NAME:rfc1034identifier)";
				PRODUCT_NAME = "$(TARGET_NAME)";
				TEST_HOST = "$(BUILT_PRODUCTS_DIR)/TOSMBClientExample.app/TOSMBClientExample";
			};
			name = Debug;
		};
		2214DCE41B661CD2003E3EF1 /* Release */ = {
			isa = XCBuildConfiguration;
			buildSettings = {
				BUNDLE_LOADER = "$(TEST_HOST)";
				FRAMEWORK_SEARCH_PATHS = (
					"$(SDKROOT)/Developer/Library/Frameworks",
					"$(inherited)",
				);
				INFOPLIST_FILE = TOSMBClientExampleTests/Info.plist;
				LD_RUNPATH_SEARCH_PATHS = "$(inherited) @executable_path/Frameworks @loader_path/Frameworks";
				PRODUCT_BUNDLE_IDENTIFIER = "co.timoliver.$(PRODUCT_NAME:rfc1034identifier)";
				PRODUCT_NAME = "$(TARGET_NAME)";
				TEST_HOST = "$(BUILT_PRODUCTS_DIR)/TOSMBClientExample.app/TOSMBClientExample";
			};
			name = Release;
		};
		227D6F211CBD49FE000E8A78 /* Debug */ = {
			isa = XCBuildConfiguration;
			buildSettings = {
				CLANG_ANALYZER_NONNULL = YES;
				CURRENT_PROJECT_VERSION = 1;
				DEBUG_INFORMATION_FORMAT = dwarf;
				DEFINES_MODULE = YES;
				DYLIB_COMPATIBILITY_VERSION = 1;
				DYLIB_CURRENT_VERSION = 1;
				DYLIB_INSTALL_NAME_BASE = "@rpath";
				INFOPLIST_FILE = TOSMBClient/Info.plist;
				INSTALL_PATH = "$(LOCAL_LIBRARY_DIR)/Frameworks";
				IPHONEOS_DEPLOYMENT_TARGET = 8.0;
				LD_RUNPATH_SEARCH_PATHS = "$(inherited) @executable_path/Frameworks @loader_path/Frameworks";
				LIBRARY_SEARCH_PATHS = (
					"$(inherited)",
					"$(PROJECT_DIR)/TOSMBClient/libdsm",
				);
				PRODUCT_BUNDLE_IDENTIFIER = co.timoliver.TOSMBClient;
				PRODUCT_NAME = "$(TARGET_NAME)";
				SKIP_INSTALL = YES;
				TARGETED_DEVICE_FAMILY = "1,2";
				VERSIONING_SYSTEM = "apple-generic";
				VERSION_INFO_PREFIX = "";
			};
			name = Debug;
		};
		227D6F221CBD49FE000E8A78 /* Release */ = {
			isa = XCBuildConfiguration;
			buildSettings = {
				CLANG_ANALYZER_NONNULL = YES;
				CURRENT_PROJECT_VERSION = 1;
				DEFINES_MODULE = YES;
				DYLIB_COMPATIBILITY_VERSION = 1;
				DYLIB_CURRENT_VERSION = 1;
				DYLIB_INSTALL_NAME_BASE = "@rpath";
				INFOPLIST_FILE = TOSMBClient/Info.plist;
				INSTALL_PATH = "$(LOCAL_LIBRARY_DIR)/Frameworks";
				IPHONEOS_DEPLOYMENT_TARGET = 8.0;
				LD_RUNPATH_SEARCH_PATHS = "$(inherited) @executable_path/Frameworks @loader_path/Frameworks";
				LIBRARY_SEARCH_PATHS = (
					"$(inherited)",
					"$(PROJECT_DIR)/TOSMBClient/libdsm",
				);
				PRODUCT_BUNDLE_IDENTIFIER = co.timoliver.TOSMBClient;
				PRODUCT_NAME = "$(TARGET_NAME)";
				SKIP_INSTALL = YES;
				TARGETED_DEVICE_FAMILY = "1,2";
				VERSIONING_SYSTEM = "apple-generic";
				VERSION_INFO_PREFIX = "";
			};
			name = Release;
		};
/* End XCBuildConfiguration section */

/* Begin XCConfigurationList section */
		2214DCB71B661CD2003E3EF1 /* Build configuration list for PBXProject "TOSMBClientExample" */ = {
			isa = XCConfigurationList;
			buildConfigurations = (
				2214DCDD1B661CD2003E3EF1 /* Debug */,
				2214DCDE1B661CD2003E3EF1 /* Release */,
			);
			defaultConfigurationIsVisible = 0;
			defaultConfigurationName = Release;
		};
		2214DCDF1B661CD2003E3EF1 /* Build configuration list for PBXNativeTarget "TOSMBClientExample" */ = {
			isa = XCConfigurationList;
			buildConfigurations = (
				2214DCE01B661CD2003E3EF1 /* Debug */,
				2214DCE11B661CD2003E3EF1 /* Release */,
			);
			defaultConfigurationIsVisible = 0;
			defaultConfigurationName = Release;
		};
		2214DCE21B661CD2003E3EF1 /* Build configuration list for PBXNativeTarget "TOSMBClientExampleTests" */ = {
			isa = XCConfigurationList;
			buildConfigurations = (
				2214DCE31B661CD2003E3EF1 /* Debug */,
				2214DCE41B661CD2003E3EF1 /* Release */,
			);
			defaultConfigurationIsVisible = 0;
			defaultConfigurationName = Release;
		};
		227D6F231CBD49FE000E8A78 /* Build configuration list for PBXNativeTarget "TOSMBClient" */ = {
			isa = XCConfigurationList;
			buildConfigurations = (
				227D6F211CBD49FE000E8A78 /* Debug */,
				227D6F221CBD49FE000E8A78 /* Release */,
			);
			defaultConfigurationIsVisible = 0;
			defaultConfigurationName = Release;
		};
/* End XCConfigurationList section */
	};
	rootObject = 2214DCB41B661CD2003E3EF1 /* Project object */;
}
